
Microsoft Visual Studio Solution File, Format Version 12.00
# Visual Studio Version 16
VisualStudioVersion = 16.0.30523.141
MinimumVisualStudioVersion = 10.0.40219.1
Project("{FAE04EC0-301F-11D3-BF4B-00C04F79EFBC}") = "WebApplication1", "WebApplication1\WebApplication1.csproj", "{6FAC2428-D448-4D7C-B226-572B4DD8861B}"
EndProject
Global
	GlobalSection(SolutionConfigurationPlatforms) = preSolution
		Debug|Any CPU = Debug|Any CPU
		Release|Any CPU = Release|Any CPU
	EndGlobalSection
	GlobalSection(ProjectConfigurationPlatforms) = postSolution
		{6FAC2428-D448-4D7C-B226-572B4DD8861B}.Debug|Any CPU.ActiveCfg = Debug|Any CPU
		{6FAC2428-D448-4D7C-B226-572B4DD8861B}.Debug|Any CPU.Build.0 = Debug|Any CPU
		{6FAC2428-D448-4D7C-B226-572B4DD8861B}.Release|Any CPU.ActiveCfg = Release|Any CPU
		{6FAC2428-D448-4D7C-B226-572B4DD8861B}.Release|Any CPU.Build.0 = Release|Any CPU
	EndGlobalSection
	GlobalSection(SolutionProperties) = preSolution
		HideSolutionNode = FALSE
	EndGlobalSection
	GlobalSection(ExtensibilityGlobals) = postSolution
		SolutionGuid = {1DFCF9F4-0419-4354-A35D-FC368693DBFA}
	EndGlobalSection
EndGlobal
